github.com/andybalholm/brotli v1.1.0 h1:eLKJYyw9t3HbQApLkYSpzq+XhnstQNYjy9KZP3/14A=
github.com/andybalholm/brotli v1.1.0/go.mod h1:sms7XoA9GfqKShJOeL+nUU5RnBOiR0Z+ckrZo1OKPg=
github.com/davecgh/go-spew v1.1.0/go.mod h1:J7Y8YcW2NihsgmVo/mv3lAwl/skON4iLHjSsI+c5H8=
github.com/davecgh/go-spew v1.1.1/go.mod h1:J7Y8YcW2NihsgmVo/mv3lAwl/skON4iLHjSsI+c5H8=
github.com/gofiber/fiber/v2 v2.51.0 h1:JNACcZy5e2tGApWB2QrRw1iIJrigNrDzar+4RNnMGE=
github.com/gofiber/fiber/v2 v2.51.0/go.mod h1:xaQRZQJGqnMsG0pRwolqEL2JcqMe+J/NWCme4xwVSc=
github.com/golang-jwt/jwt/v5 v5.2.0 h1:d/IzQp6oJog5QvkZwJ0maaKL1xwpfZZn5CqBKJQW8c=
github.com/golang-jwt/jwt/v5 v5.2.0/go.mod h1:pqrtFR0X4osieyHYxtqeBC5VWxY5RwpEwAb3VizoJ0=
github.com/google/uuid v1.6.0 h1:NIvaJDMOfsqAar7QJ64nfsaKWkxJlaLlMulP/JjMmw=
github.com/google/uuid v1.6.0/go.mod h1:TIyPZe4MgqvfeYDBFedMoGGpEw/LqOQabyRUoon2O8=
github.com/jackc/pgpassfile v1.0.0 h1:/6Hmqy13Ss2zCq62AdJrDjr41DBr5V6aFo13cK1D28=
github.com/jackc/pgpassfile v1.0.0/go.mod h1:CEx0iS5ambNFdcRtxPj5JhErrAqiYv/L9EqDlYLmNA=
github.com/jackc/pgservicefile v0.0.0-20221227161230-091c0ba34f0a h1:bbPeKD0xmW/UEqn2z5QxCiiVUUzJ/YcPtvnIsNJlc8=
github.com/jackc/pgservicefile v0.0.0-20221227161230-091c0ba34f0a/go.mod h1:5TJZWKEWniPve33vlWYSoGYefn3gFKpyTW/g0Rod/4=
github.com/jackc/pgx/v5 v5.5.5 h1:NMMTiFz7DkJVma/nymQOtUy+respKEV/lasKrMVQ68=
github.com/jackc/pgx/v5 v5.5.5/go.mod h1:ez9gk+OAat140fvweurpBqAbPILJ/NSLmbcI7MoDV8=
github.com/jackc/puddle/v2 v2.2.1 h1:RhxXJtFG022u4ibrCSMSziL7516PjNbRZrK3u9+L5c=
github.com/jackc/puddle/v2 v2.2.1/go.mod h1:vriiEXLsCTAXtidMiWdyygnQJstpmI98nnxcZ4qnQ0=
github.com/jinzhu/inflection v1.0.0 h1:K16FRSUPOllIbkR8K65BQwIAOkR+RWjQzew3gFi+/c=
github.com/jinzhu/inflection v1.0.0/go.mod h1:h+uFLlag+Qp1Va5pdKtLDYj+kHp5pxUVkryImcFAH0=
github.com/jinzhu/now v1.1.5 h1:/o9tlvIAoxQTOcMZ4JSqPRzH45VpO6hF9h+aMjucI0=
github.com/jinzhu/now v1.1.5/go.mod h1:d3SSVoowX0Luu0EV/j722jwtfjT1g6jL12Q2lDYV9E=
github.com/joho/godotenv v1.5.1 h1:7P4SfwW0EPEyMsSmLkQkCMEE5ose2SKqKusQta5XqY=
github.com/joho/godotenv v1.5.1/go.mod h1:f4LDr5Voq0i2e/R5DDNOoa2zzDfwtkZa49PnSb+tsQ=
github.com/klauspost/compress v1.17.4 h1:Ej5ixsIri7BrIjLkZZMt3yxnxrzq+5sSID+r1FH30Y=
github.com/klauspost/compress v1.17.4/go.mod h1:/dCuZOvVtNoUJSKh4/fn6KwHUC1nIuWcMgwbNV2lLY=
github.com/mattn/go-colorable v0.1.13 h1:fFA4WZxvqiGlYcSHqmH6DIkcEwwxoYKlN3ivcrY0GI=
github.com/mattn/go-colorable v0.1.13/go.mod h1:7S9/ev0klgBchOdLhXv5sFSAQkFOJbvUUY2nhxV+gQ=
github.com/mattn/go-isatty v0.0.20 h1:xfD0iDuEKnJXpNs+laSleRPzIVUe+qf1WAZ4FQx8ggI=
github.com/mattn/go-isatty v0.0.20/go.mod h1:W+V8PltTTMOvKvAeJH7IuMcPn/ycSMCQK7FvjRyzVA=
github.com/mattn/go-runewidth v0.0.15 h1:UNAjwbU9l54TA5KwrPp6v/QzaTrLM6S9RPMrIIdC1E=
github.com/mattn/go-runewidth v0.0.15/go.mod h1:Aw8dCvJ7mAkijnyUV4bFxY3K+4RJ021ZiUL4lzCcUI=
github.com/pmezard/go-difflib v1.0.0/go.mod h1:iKH77koFhYxTK1pcRnkGLp+v12E5pVntsyWj2j3F24=
github.com/rivo/uniseg v0.4.4 h1:8TfxU8dY6PjRCAPodow+2svZKX1xV9B76Z3WTsDMno=
github.com/rivo/uniseg v0.4.4/go.mod h1:FN3SavRP3z1sdgyenVCU46PzAjxfn/J7IpwQQ8aJQE=
github.com/stretchr/objx v0.1.0/go.mod h1:HFkY916IF+rwdDftiKd7E2iAkP1ROiP+m58sWR+qHm=
github.com/stretchr/testify v1.3.0/go.mod h1:M5WIy9Dh21IEIfnGCwXoIxksTL5TkWucVQWYh7/JQI=
github.com/stretchr/testify v1.8.1/go.mod h1:w2LPCIKwDwujstIM2/wOQaGkVaplJqKnsEQnvraou8=
github.com/stripe/stripe-go/v76 v76.0.0 h1:tC4YjE0dHJhEMIB9F5wVzU6xzlMdGCfFLVVAKMkI/E=
github.com/stripe/stripe-go/v76 v76.0.0/go.mod h1:TQWf2o4+GSohq/qvwfn16focXeXEKKrWLMsVQHXZ7I=
github.com/valyala/bytebufferpool v1.0.0 h1:GqA5TC/0021Y/b9FG4Oi9Mr3q7XYx6KllzawFIhcdPw=
github.com/valyala/bytebufferpool v1.0.0/go.mod h1:6bBcMArwyJ5k/+BmwS0WSBNDglZM2l2zhAsbFLCTrw=
github.com/valyala/fasthttp v1.51.0 h1:8b30A5JlZ6C7AS81RsWjYMQmrZG6fHxl5/P6l1mCVD=
github.com/valyala/fasthttp v1.51.0/go.mod h1:oKlNZ7DfjWwb3Vvn/8kl5tS5PmHXWIeYjCLure7xO8=
github.com/valyala/tcplisten v1.0.0 h1:rBHj/Xf+E1tPaKLJ0NJiiqcEOVI2RPrWm/LX3tdS+g=
github.com/valyala/tcplisten v1.0.0/go.mod h1:T0xQ8dcqgSneVoP76iY41ZOKMZZZJLTQ9MTiQlOSxY=
golang.org/x/crypto v0.21.0 h1:X31++rzVUdKhX5sWmSOVUvNm/v9part/Z5NzCd4MUY=
golang.org/x/crypto v0.21.0/go.mod h1:4yupIB1AXDS9+c2aF+WTA11fWVsLONrq7LSH7zH7qg=
golang.org/x/sync v0.6.0 h1:5BMeUDZ7vkXGfEr1E9ucgA1mxbyM5NmzQkELYBW4gI=
golang.org/x/sync v0.6.0/go.mod h1:Czt+wKu+jkqNfs2+AV1gS1mSnLkAl01zLAak3LGps4=
golang.org/x/sys v0.18.0 h1:DBdB3niSjOA/O0blCZBqDefyWNYveAY6MU5ycLsdeE=
golang.org/x/sys v0.18.0/go.mod h1:/VUhepiaJMQUp4+oa/7Zr1D23ma6VTLIYjOOTFZPUcU=
golang.org/x/text v0.14.0 h1:ScX5w1eTa60QWvWn94S2Qamucv4IEau5DqDuW6fMY4=
golang.org/x/text v0.14.0/go.mod h1:18ZOQIKpY8NJVqYksKHtTdi31H5itlK7XmwxQeUMbs=
gorm.io/driver/postgres v1.5.7 h1:8qRPMbck5H5+chGIWKUcNcNF7N5J8SNrSFxGBVOtjk=
gorm.io/driver/postgres v1.5.7/go.mod h1:GsLWisAFvNrWj3835gDL3bylcDH8SJg60yWY+tEF2s=
gorm.io/gorm v1.25.5 h1:zR9lOiiYiDNrKwn4PsXkwpnToimlCWP7vS8j2KTtPY=
gorm.io/gorm v1.25.5/go.mod h1:hbnx/Oo0ChWMn1BIiI8FlBt8J4Av2KVtd37rAPUraU=
